
Microsoft Visual Studio Solution File, Format Version 12.00
# Visual Studio Version 16
VisualStudioVersion = 16.0.32228.343
MinimumVisualStudioVersion = 10.0.40219.1
Project("{FAE04EC0-301F-11D3-BF4B-00C04F79EFBC}") = "Tic Tak Toe", "Tic Tak Toe\Tic Tak Toe.csproj", "{5AC4E7EF-1B6D-4AEF-90AA-06D27B7766F6}"
EndProject
Global
	GlobalSection(SolutionConfigurationPlatforms) = preSolution
		Debug|Any CPU = Debug|Any CPU
		Release|Any CPU = Release|Any CPU
	EndGlobalSection
	GlobalSection(ProjectConfigurationPlatforms) = postSolution
		{5AC4E7EF-1B6D-4AEF-90AA-06D27B7766F6}.Debug|Any CPU.ActiveCfg = Debug|Any CPU
		{5AC4E7EF-1B6D-4AEF-90AA-06D27B7766F6}.Debug|Any CPU.Build.0 = Debug|Any CPU
		{5AC4E7EF-1B6D-4AEF-90AA-06D27B7766F6}.Release|Any CPU.ActiveCfg = Release|Any CPU
		{5AC4E7EF-1B6D-4AEF-90AA-06D27B7766F6}.Release|Any CPU.Build.0 = Release|Any CPU
	EndGlobalSection
	GlobalSection(SolutionProperties) = preSolution
		HideSolutionNode = FALSE
	EndGlobalSection
	GlobalSection(ExtensibilityGlobals) = postSolution
		SolutionGuid = {DB5CE4C0-7D02-4821-864A-4112EB82B3E3}
	EndGlobalSection
EndGlobal
