
Microsoft Visual Studio Solution File, Format Version 12.00
# Visual Studio Version 16
VisualStudioVersion = 16.0.32228.343
MinimumVisualStudioVersion = 10.0.40219.1
Project("{FAE04EC0-301F-11D3-BF4B-00C04F79EFBC}") = "Paint", "Paint\Paint.csproj", "{35B1A929-0ECD-4A28-B781-B1A898242CF4}"
EndProject
Global
	GlobalSection(SolutionConfigurationPlatforms) = preSolution
		Debug|Any CPU = Debug|Any CPU
		Release|Any CPU = Release|Any CPU
	EndGlobalSection
	GlobalSection(ProjectConfigurationPlatforms) = postSolution
		{35B1A929-0ECD-4A28-B781-B1A898242CF4}.Debug|Any CPU.ActiveCfg = Debug|Any CPU
		{35B1A929-0ECD-4A28-B781-B1A898242CF4}.Debug|Any CPU.Build.0 = Debug|Any CPU
		{35B1A929-0ECD-4A28-B781-B1A898242CF4}.Release|Any CPU.ActiveCfg = Release|Any CPU
		{35B1A929-0ECD-4A28-B781-B1A898242CF4}.Release|Any CPU.Build.0 = Release|Any CPU
	EndGlobalSection
	GlobalSection(SolutionProperties) = preSolution
		HideSolutionNode = FALSE
	EndGlobalSection
	GlobalSection(ExtensibilityGlobals) = postSolution
		SolutionGuid = {84CAE032-93C7-4B9B-AE5C-B8A67124B028}
	EndGlobalSection
EndGlobal
